
Microsoft Visual Studio Solution File, Format Version 12.00
# Visual Studio Version 18
VisualStudioVersion = 18.0.11123.170 d18.0
MinimumVisualStudioVersion = 10.0.40219.1
Project("{2150E333-8FDC-42A3-9474-1A3956D46DE8}") = "src", "src", "{38222B7B-8BA9-4036-B784-788EB3CDD4D8}"
EndProject
Project("{FAE04EC0-301F-11D3-BF4B-00C04F79EFBC}") = "SQLBox", "src\SQLBox\SQLBox.csproj", "{64CC0D0F-5E98-455C-9AF1-D863D2D59AB5}"
EndProject
Project("{FAE04EC0-301F-11D3-BF4B-00C04F79EFBC}") = "SQLBox.Hosting", "src\SQLBox.Hosting\SQLBox.Hosting.csproj", "{0E0B7267-748E-44FE-BE5E-41B5E097099F}"
EndProject
Project("{FAE04EC0-301F-11D3-BF4B-00C04F79EFBC}") = "SQLBox.AppHost", "src\SQLBox.AppHost\SQLBox.AppHost.csproj", "{006E79FB-121E-47C3-ACD7-C9C7B5FAF360}"
EndProject
Project("{FAE04EC0-301F-11D3-BF4B-00C04F79EFBC}") = "SQLBox.ServiceDefaults", "src\SQLBox.ServiceDefaults\SQLBox.ServiceDefaults.csproj", "{7511B4A4-5F5E-C75B-92F5-BC74D4860FF2}"
EndProject
Global
	GlobalSection(SolutionConfigurationPlatforms) = preSolution
		Debug|Any CPU = Debug|Any CPU
		Debug|x64 = Debug|x64
		Debug|x86 = Debug|x86
		Release|Any CPU = Release|Any CPU
		Release|x64 = Release|x64
		Release|x86 = Release|x86
	EndGlobalSection
	GlobalSection(ProjectConfigurationPlatforms) = postSolution
		{64CC0D0F-5E98-455C-9AF1-D863D2D59AB5}.Debug|Any CPU.ActiveCfg = Debug|Any CPU
		{64CC0D0F-5E98-455C-9AF1-D863D2D59AB5}.Debug|Any CPU.Build.0 = Debug|Any CPU
		{64CC0D0F-5E98-455C-9AF1-D863D2D59AB5}.Debug|x64.ActiveCfg = Debug|Any CPU
		{64CC0D0F-5E98-455C-9AF1-D863D2D59AB5}.Debug|x64.Build.0 = Debug|Any CPU
		{64CC0D0F-5E98-455C-9AF1-D863D2D59AB5}.Debug|x86.ActiveCfg = Debug|Any CPU
		{64CC0D0F-5E98-455C-9AF1-D863D2D59AB5}.Debug|x86.Build.0 = Debug|Any CPU
		{64CC0D0F-5E98-455C-9AF1-D863D2D59AB5}.Release|Any CPU.ActiveCfg = Release|Any CPU
		{64CC0D0F-5E98-455C-9AF1-D863D2D59AB5}.Release|Any CPU.Build.0 = Release|Any CPU
		{64CC0D0F-5E98-455C-9AF1-D863D2D59AB5}.Release|x64.ActiveCfg = Release|Any CPU
		{64CC0D0F-5E98-455C-9AF1-D863D2D59AB5}.Release|x64.Build.0 = Release|Any CPU
		{64CC0D0F-5E98-455C-9AF1-D863D2D59AB5}.Release|x86.ActiveCfg = Release|Any CPU
		{64CC0D0F-5E98-455C-9AF1-D863D2D59AB5}.Release|x86.Build.0 = Release|Any CPU
		{0E0B7267-748E-44FE-BE5E-41B5E097099F}.Debug|Any CPU.ActiveCfg = Debug|Any CPU
		{0E0B7267-748E-44FE-BE5E-41B5E097099F}.Debug|Any CPU.Build.0 = Debug|Any CPU
		{0E0B7267-748E-44FE-BE5E-41B5E097099F}.Debug|x64.ActiveCfg = Debug|Any CPU
		{0E0B7267-748E-44FE-BE5E-41B5E097099F}.Debug|x64.Build.0 = Debug|Any CPU
		{0E0B7267-748E-44FE-BE5E-41B5E097099F}.Debug|x86.ActiveCfg = Debug|Any CPU
		{0E0B7267-748E-44FE-BE5E-41B5E097099F}.Debug|x86.Build.0 = Debug|Any CPU
		{0E0B7267-748E-44FE-BE5E-41B5E097099F}.Release|Any CPU.ActiveCfg = Release|Any CPU
		{0E0B7267-748E-44FE-BE5E-41B5E097099F}.Release|Any CPU.Build.0 = Release|Any CPU
		{0E0B7267-748E-44FE-BE5E-41B5E097099F}.Release|x64.ActiveCfg = Release|Any CPU
		{0E0B7267-748E-44FE-BE5E-41B5E097099F}.Release|x64.Build.0 = Release|Any CPU
		{0E0B7267-748E-44FE-BE5E-41B5E097099F}.Release|x86.ActiveCfg = Release|Any CPU
		{0E0B7267-748E-44FE-BE5E-41B5E097099F}.Release|x86.Build.0 = Release|Any CPU
		{006E79FB-121E-47C3-ACD7-C9C7B5FAF360}.Debug|Any CPU.ActiveCfg = Debug|Any CPU
		{006E79FB-121E-47C3-ACD7-C9C7B5FAF360}.Debug|Any CPU.Build.0 = Debug|Any CPU
		{006E79FB-121E-47C3-ACD7-C9C7B5FAF360}.Debug|x64.ActiveCfg = Debug|Any CPU
		{006E79FB-121E-47C3-ACD7-C9C7B5FAF360}.Debug|x64.Build.0 = Debug|Any CPU
		{006E79FB-121E-47C3-ACD7-C9C7B5FAF360}.Debug|x86.ActiveCfg = Debug|Any CPU
		{006E79FB-121E-47C3-ACD7-C9C7B5FAF360}.Debug|x86.Build.0 = Debug|Any CPU
		{006E79FB-121E-47C3-ACD7-C9C7B5FAF360}.Release|Any CPU.ActiveCfg = Release|Any CPU
		{006E79FB-121E-47C3-ACD7-C9C7B5FAF360}.Release|Any CPU.Build.0 = Release|Any CPU
		{006E79FB-121E-47C3-ACD7-C9C7B5FAF360}.Release|x64.ActiveCfg = Release|Any CPU
		{006E79FB-121E-47C3-ACD7-C9C7B5FAF360}.Release|x64.Build.0 = Release|Any CPU
		{006E79FB-121E-47C3-ACD7-C9C7B5FAF360}.Release|x86.ActiveCfg = Release|Any CPU
		{006E79FB-121E-47C3-ACD7-C9C7B5FAF360}.Release|x86.Build.0 = Release|Any CPU
		{7511B4A4-5F5E-C75B-92F5-BC74D4860FF2}.Debug|Any CPU.ActiveCfg = Debug|Any CPU
		{7511B4A4-5F5E-C75B-92F5-BC74D4860FF2}.Debug|Any CPU.Build.0 = Debug|Any CPU
		{7511B4A4-5F5E-C75B-92F5-BC74D4860FF2}.Debug|x64.ActiveCfg = Debug|Any CPU
		{7511B4A4-5F5E-C75B-92F5-BC74D4860FF2}.Debug|x64.Build.0 = Debug|Any CPU
		{7511B4A4-5F5E-C75B-92F5-BC74D4860FF2}.Debug|x86.ActiveCfg = Debug|Any CPU
		{7511B4A4-5F5E-C75B-92F5-BC74D4860FF2}.Debug|x86.Build.0 = Debug|Any CPU
		{7511B4A4-5F5E-C75B-92F5-BC74D4860FF2}.Release|Any CPU.ActiveCfg = Release|Any CPU
		{7511B4A4-5F5E-C75B-92F5-BC74D4860FF2}.Release|Any CPU.Build.0 = Release|Any CPU
		{7511B4A4-5F5E-C75B-92F5-BC74D4860FF2}.Release|x64.ActiveCfg = Release|Any CPU
		{7511B4A4-5F5E-C75B-92F5-BC74D4860FF2}.Release|x64.Build.0 = Release|Any CPU
		{7511B4A4-5F5E-C75B-92F5-BC74D4860FF2}.Release|x86.ActiveCfg = Release|Any CPU
		{7511B4A4-5F5E-C75B-92F5-BC74D4860FF2}.Release|x86.Build.0 = Release|Any CPU
	EndGlobalSection
	GlobalSection(SolutionProperties) = preSolution
		HideSolutionNode = FALSE
	EndGlobalSection
	GlobalSection(NestedProjects) = preSolution
		{64CC0D0F-5E98-455C-9AF1-D863D2D59AB5} = {38222B7B-8BA9-4036-B784-788EB3CDD4D8}
		{0E0B7267-748E-44FE-BE5E-41B5E097099F} = {38222B7B-8BA9-4036-B784-788EB3CDD4D8}
	EndGlobalSection
EndGlobal
